
Microsoft Visual Studio Solution File, Format Version 12.00
# Visual Studio Version 16
VisualStudioVersion = 16.0.29324.140
MinimumVisualStudioVersion = 10.0.40219.1
Project("{9A19103F-16F7-4668-BE54-9A1E7A4F7556}") = "MathM", "src\MathM.csproj", "{F7CDA345-7448-47B6-A734-A415C2C43676}"
EndProject
Project("{2150E333-8FDC-42A3-9474-1A3956D46DE8}") = "Solution Items", "Solution Items", "{BFA86456-FD4B-4090-97FF-5EDAA8394A58}"
	ProjectSection(SolutionItems) = preProject
		.editorconfig = .editorconfig
		.gitignore = .gitignore
		LICENSE = LICENSE
		README.md = README.md
		stylecop.json = stylecop.json
	EndProjectSection
EndProject
Project("{9A19103F-16F7-4668-BE54-9A1E7A4F7556}") = "Tests.Functions", "tests\Functions\Tests.Functions.csproj", "{B2E01D36-7951-4AD4-BE07-E059E9B4CE3D}"
EndProject
Project("{9A19103F-16F7-4668-BE54-9A1E7A4F7556}") = "Tests.MachineEpsilon", "tests\MachineEpsilon\Tests.MachineEpsilon.csproj", "{FB94CF1C-AD8C-461E-ABA5-864F3512E38E}"
EndProject
Project("{9A19103F-16F7-4668-BE54-9A1E7A4F7556}") = "Tests.Simple", "tests\Simple\Tests.Simple.csproj", "{21BBDD82-5444-4A3C-B8CC-F0A5DC07E6F3}"
EndProject
Global
	GlobalSection(SolutionConfigurationPlatforms) = preSolution
		Debug|Any CPU = Debug|Any CPU
		Release|Any CPU = Release|Any CPU
	EndGlobalSection
	GlobalSection(ProjectConfigurationPlatforms) = postSolution
		{F7CDA345-7448-47B6-A734-A415C2C43676}.Debug|Any CPU.ActiveCfg = Debug|Any CPU
		{F7CDA345-7448-47B6-A734-A415C2C43676}.Debug|Any CPU.Build.0 = Debug|Any CPU
		{F7CDA345-7448-47B6-A734-A415C2C43676}.Release|Any CPU.ActiveCfg = Release|Any CPU
		{F7CDA345-7448-47B6-A734-A415C2C43676}.Release|Any CPU.Build.0 = Release|Any CPU
		{B2E01D36-7951-4AD4-BE07-E059E9B4CE3D}.Debug|Any CPU.ActiveCfg = Debug|Any CPU
		{B2E01D36-7951-4AD4-BE07-E059E9B4CE3D}.Debug|Any CPU.Build.0 = Debug|Any CPU
		{B2E01D36-7951-4AD4-BE07-E059E9B4CE3D}.Release|Any CPU.ActiveCfg = Release|Any CPU
		{B2E01D36-7951-4AD4-BE07-E059E9B4CE3D}.Release|Any CPU.Build.0 = Release|Any CPU
		{FB94CF1C-AD8C-461E-ABA5-864F3512E38E}.Debug|Any CPU.ActiveCfg = Debug|Any CPU
		{FB94CF1C-AD8C-461E-ABA5-864F3512E38E}.Debug|Any CPU.Build.0 = Debug|Any CPU
		{FB94CF1C-AD8C-461E-ABA5-864F3512E38E}.Release|Any CPU.ActiveCfg = Release|Any CPU
		{FB94CF1C-AD8C-461E-ABA5-864F3512E38E}.Release|Any CPU.Build.0 = Release|Any CPU
		{21BBDD82-5444-4A3C-B8CC-F0A5DC07E6F3}.Debug|Any CPU.ActiveCfg = Debug|Any CPU
		{21BBDD82-5444-4A3C-B8CC-F0A5DC07E6F3}.Debug|Any CPU.Build.0 = Debug|Any CPU
		{21BBDD82-5444-4A3C-B8CC-F0A5DC07E6F3}.Release|Any CPU.ActiveCfg = Release|Any CPU
		{21BBDD82-5444-4A3C-B8CC-F0A5DC07E6F3}.Release|Any CPU.Build.0 = Release|Any CPU
	EndGlobalSection
	GlobalSection(SolutionProperties) = preSolution
		HideSolutionNode = FALSE
	EndGlobalSection
	GlobalSection(ExtensibilityGlobals) = postSolution
		SolutionGuid = {0BD20E9E-940A-413F-B8D9-46F220ACCE72}
	EndGlobalSection
EndGlobal
